// !$*UTF8*$!
{
	archiveVersion = 1;
	classes = {
	};
	objectVersion = 50;
	objects = {

/* Begin PBXBuildFile section */
		6F05A6DC20EFB44F00C98EA2 /* Claim.swift in Sources */ = {isa = PBXBuildFile; fileRef = 6F05A6DB20EFB44F00C98EA2 /* Claim.swift */; };
		6F81477F20E51F3B007EF23D /* SetupViewController.swift in Sources */ = {isa = PBXBuildFile; fileRef = 6F81477E20E51F3B007EF23D /* SetupViewController.swift */; };
		6F92355820F8CAB1001A852E /* ClaimDescriptionTableViewCell.swift in Sources */ = {isa = PBXBuildFile; fileRef = 6F92355620F8CAB1001A852E /* ClaimDescriptionTableViewCell.swift */; };
		6F92355920F8CAB1001A852E /* ClaimDescriptionTableViewCell.xib in Resources */ = {isa = PBXBuildFile; fileRef = 6F92355720F8CAB1001A852E /* ClaimDescriptionTableViewCell.xib */; };
		B4A6D1E1340AD12191AEF925 /* Pods_GeicoCCC.framework in Frameworks */ = {isa = PBXBuildFile; fileRef = 4449A83582B7AC6EADB75C0A /* Pods_GeicoCCC.framework */; };
		D102ADEA20E4BB3700E63F2C /* AppDelegate.swift in Sources */ = {isa = PBXBuildFile; fileRef = D102ADE920E4BB3700E63F2C /* AppDelegate.swift */; };
		D102ADEF20E4BB3700E63F2C /* Main.storyboard in Resources */ = {isa = PBXBuildFile; fileRef = D102ADED20E4BB3700E63F2C /* Main.storyboard */; };
		D102ADF120E4BB3900E63F2C /* Assets.xcassets in Resources */ = {isa = PBXBuildFile; fileRef = D102ADF020E4BB3900E63F2C /* Assets.xcassets */; };
		D102ADF420E4BB3900E63F2C /* LaunchScreen.storyboard in Resources */ = {isa = PBXBuildFile; fileRef = D102ADF220E4BB3900E63F2C /* LaunchScreen.storyboard */; };
		D11088ED2111F39500CCA57D /* CCCVINScanComponent.framework in Frameworks */ = {isa = PBXBuildFile; fileRef = D11088EB2111F38700CCA57D /* CCCVINScanComponent.framework */; };
		D11088EE2111F39500CCA57D /* CCCVINScanComponent.framework in Embed Frameworks */ = {isa = PBXBuildFile; fileRef = D11088EB2111F38700CCA57D /* CCCVINScanComponent.framework */; settings = {ATTRIBUTES = (CodeSignOnCopy, RemoveHeadersOnCopy, ); }; };
		D130D41D20FDD9E800A248B7 /* ConfirmationViewController.swift in Sources */ = {isa = PBXBuildFile; fileRef = D130D41C20FDD9E800A248B7 /* ConfirmationViewController.swift */; };
		D163433620F8C70E00E9BF5A /* CCCSDK.framework in Frameworks */ = {isa = PBXBuildFile; fileRef = D163433420F8C70E00E9BF5A /* CCCSDK.framework */; };
		D163433A20F8C79600E9BF5A /* CCCSDK.framework in Embed Frameworks */ = {isa = PBXBuildFile; fileRef = D163433420F8C70E00E9BF5A /* CCCSDK.framework */; settings = {ATTRIBUTES = (CodeSignOnCopy, RemoveHeadersOnCopy, ); }; };
		D17287E620EF677D007E020D /* BaseViewController.swift in Sources */ = {isa = PBXBuildFile; fileRef = D17287E520EF677D007E020D /* BaseViewController.swift */; };
		D17DE64B2111EB1C00A432F5 /* GoogleService-Info.plist in Resources */ = {isa = PBXBuildFile; fileRef = D17DE64A2111EB1C00A432F5 /* GoogleService-Info.plist */; };
		D1C88DAB20F5F97500FB61C6 /* PhotosCellViewModel.swift in Sources */ = {isa = PBXBuildFile; fileRef = D1C88DAA20F5F97500FB61C6 /* PhotosCellViewModel.swift */; };
		D1EDDF3820F3979C009E7A7E /* ReviewViewController.swift in Sources */ = {isa = PBXBuildFile; fileRef = D1EDDF3720F3979C009E7A7E /* ReviewViewController.swift */; };
		D1EDDF4020F4A041009E7A7E /* PhotosTableViewCell.swift in Sources */ = {isa = PBXBuildFile; fileRef = D1EDDF3E20F4A041009E7A7E /* PhotosTableViewCell.swift */; };
		D1EDDF4120F4A041009E7A7E /* PhotosTableViewCell.xib in Resources */ = {isa = PBXBuildFile; fileRef = D1EDDF3F20F4A041009E7A7E /* PhotosTableViewCell.xib */; };
		D1EDDF4420F4A0D7009E7A7E /* PhotoCollectionViewCell.swift in Sources */ = {isa = PBXBuildFile; fileRef = D1EDDF4220F4A0D7009E7A7E /* PhotoCollectionViewCell.swift */; };
		D1EDDF4520F4A0D7009E7A7E /* PhotoCollectionViewCell.xib in Resources */ = {isa = PBXBuildFile; fileRef = D1EDDF4320F4A0D7009E7A7E /* PhotoCollectionViewCell.xib */; };
		D1EDDF4720F5E368009E7A7E /* ClaimsViewController.swift in Sources */ = {isa = PBXBuildFile; fileRef = D1EDDF4620F5E368009E7A7E /* ClaimsViewController.swift */; };
/* End PBXBuildFile section */

/* Begin PBXCopyFilesBuildPhase section */
		D163433B20F8C79600E9BF5A /* Embed Frameworks */ = {
			isa = PBXCopyFilesBuildPhase;
			buildActionMask = 2147483647;
			dstPath = "";
			dstSubfolderSpec = 10;
			files = (
				D11088EE2111F39500CCA57D /* CCCVINScanComponent.framework in Embed Frameworks */,
				D163433A20F8C79600E9BF5A /* CCCSDK.framework in Embed Frameworks */,
			);
			name = "Embed Frameworks";
			runOnlyForDeploymentPostprocessing = 0;
		};
/* End PBXCopyFilesBuildPhase section */

/* Begin PBXFileReference section */
		4449A83582B7AC6EADB75C0A /* Pods_GeicoCCC.framework */ = {isa = PBXFileReference; explicitFileType = wrapper.framework; includeInIndex = 0; path = Pods_GeicoCCC.framework; sourceTree = BUILT_PRODUCTS_DIR; };
		6F05A6DB20EFB44F00C98EA2 /* Claim.swift */ = {isa = PBXFileReference; lastKnownFileType = sourcecode.swift; path = Claim.swift; sourceTree = "<group>"; };
		6F81477E20E51F3B007EF23D /* SetupViewController.swift */ = {isa = PBXFileReference; lastKnownFileType = sourcecode.swift; path = SetupViewController.swift; sourceTree = "<group>"; };
		6F92355620F8CAB1001A852E /* ClaimDescriptionTableViewCell.swift */ = {isa = PBXFileReference; lastKnownFileType = sourcecode.swift; path = ClaimDescriptionTableViewCell.swift; sourceTree = "<group>"; };
		6F92355720F8CAB1001A852E /* ClaimDescriptionTableViewCell.xib */ = {isa = PBXFileReference; lastKnownFileType = file.xib; path = ClaimDescriptionTableViewCell.xib; sourceTree = "<group>"; };
		99DBE8C7009A5ACB7D62F276 /* Pods-GeicoCCC.release.xcconfig */ = {isa = PBXFileReference; includeInIndex = 1; lastKnownFileType = text.xcconfig; name = "Pods-GeicoCCC.release.xcconfig"; path = "Pods/Target Support Files/Pods-GeicoCCC/Pods-GeicoCCC.release.xcconfig"; sourceTree = "<group>"; };
		D102ADE620E4BB3700E63F2C /* GeicoCCC.app */ = {isa = PBXFileReference; explicitFileType = wrapper.application; includeInIndex = 0; path = GeicoCCC.app; sourceTree = BUILT_PRODUCTS_DIR; };
		D102ADE920E4BB3700E63F2C /* AppDelegate.swift */ = {isa = PBXFileReference; lastKnownFileType = sourcecode.swift; path = AppDelegate.swift; sourceTree = "<group>"; };
		D102ADEE20E4BB3700E63F2C /* Base */ = {isa = PBXFileReference; lastKnownFileType = file.storyboard; name = Base; path = Base.lproj/Main.storyboard; sourceTree = "<group>"; };
		D102ADF020E4BB3900E63F2C /* Assets.xcassets */ = {isa = PBXFileReference; lastKnownFileType = folder.assetcatalog; path = Assets.xcassets; sourceTree = "<group>"; };
		D102ADF320E4BB3900E63F2C /* Base */ = {isa = PBXFileReference; lastKnownFileType = file.storyboard; name = Base; path = Base.lproj/LaunchScreen.storyboard; sourceTree = "<group>"; };
		D102ADF520E4BB3900E63F2C /* Info.plist */ = {isa = PBXFileReference; lastKnownFileType = text.plist.xml; path = Info.plist; sourceTree = "<group>"; };
		D11088EB2111F38700CCA57D /* CCCVINScanComponent.framework */ = {isa = PBXFileReference; lastKnownFileType = wrapper.framework; path = CCCVINScanComponent.framework; sourceTree = "<group>"; };
		D130D41C20FDD9E800A248B7 /* ConfirmationViewController.swift */ = {isa = PBXFileReference; lastKnownFileType = sourcecode.swift; path = ConfirmationViewController.swift; sourceTree = "<group>"; };
		D163433420F8C70E00E9BF5A /* CCCSDK.framework */ = {isa = PBXFileReference; lastKnownFileType = wrapper.framework; path = CCCSDK.framework; sourceTree = "<group>"; };
		D17287E520EF677D007E020D /* BaseViewController.swift */ = {isa = PBXFileReference; lastKnownFileType = sourcecode.swift; path = BaseViewController.swift; sourceTree = "<group>"; };
		D17DE64A2111EB1C00A432F5 /* GoogleService-Info.plist */ = {isa = PBXFileReference; fileEncoding = 4; lastKnownFileType = text.plist.xml; path = "GoogleService-Info.plist"; sourceTree = "<group>"; };
		D1C88DAA20F5F97500FB61C6 /* PhotosCellViewModel.swift */ = {isa = PBXFileReference; lastKnownFileType = sourcecode.swift; path = PhotosCellViewModel.swift; sourceTree = "<group>"; };
		D1EDDF3720F3979C009E7A7E /* ReviewViewController.swift */ = {isa = PBXFileReference; lastKnownFileType = sourcecode.swift; path = ReviewViewController.swift; sourceTree = "<group>"; };
		D1EDDF3E20F4A041009E7A7E /* PhotosTableViewCell.swift */ = {isa = PBXFileReference; lastKnownFileType = sourcecode.swift; path = PhotosTableViewCell.swift; sourceTree = "<group>"; };
		D1EDDF3F20F4A041009E7A7E /* PhotosTableViewCell.xib */ = {isa = PBXFileReference; lastKnownFileType = file.xib; path = PhotosTableViewCell.xib; sourceTree = "<group>"; };
		D1EDDF4220F4A0D7009E7A7E /* PhotoCollectionViewCell.swift */ = {isa = PBXFileReference; lastKnownFileType = sourcecode.swift; path = PhotoCollectionViewCell.swift; sourceTree = "<group>"; };
		D1EDDF4320F4A0D7009E7A7E /* PhotoCollectionViewCell.xib */ = {isa = PBXFileReference; lastKnownFileType = file.xib; path = PhotoCollectionViewCell.xib; sourceTree = "<group>"; };
		D1EDDF4620F5E368009E7A7E /* ClaimsViewController.swift */ = {isa = PBXFileReference; fileEncoding = 4; lastKnownFileType = sourcecode.swift; path = ClaimsViewController.swift; sourceTree = "<group>"; };
		E98A4EB3F112417D7D8015E8 /* Pods-GeicoCCC.debug.xcconfig */ = {isa = PBXFileReference; includeInIndex = 1; lastKnownFileType = text.xcconfig; name = "Pods-GeicoCCC.debug.xcconfig"; path = "Pods/Target Support Files/Pods-GeicoCCC/Pods-GeicoCCC.debug.xcconfig"; sourceTree = "<group>"; };
/* End PBXFileReference section */

/* Begin PBXFrameworksBuildPhase section */
		D102ADE320E4BB3700E63F2C /* Frameworks */ = {
			isa = PBXFrameworksBuildPhase;
			buildActionMask = 2147483647;
			files = (
				D163433620F8C70E00E9BF5A /* CCCSDK.framework in Frameworks */,
				D11088ED2111F39500CCA57D /* CCCVINScanComponent.framework in Frameworks */,
				B4A6D1E1340AD12191AEF925 /* Pods_GeicoCCC.framework in Frameworks */,
			);
			runOnlyForDeploymentPostprocessing = 0;
		};
/* End PBXFrameworksBuildPhase section */

/* Begin PBXGroup section */
		6D1221B4D42799609F5AB4A1 /* Frameworks */ = {
			isa = PBXGroup;
			children = (
				D11088EB2111F38700CCA57D /* CCCVINScanComponent.framework */,
				D163433420F8C70E00E9BF5A /* CCCSDK.framework */,
				4449A83582B7AC6EADB75C0A /* Pods_GeicoCCC.framework */,
			);
			name = Frameworks;
			sourceTree = "<group>";
		};
		6F05A6DA20EFB42500C98EA2 /* Model */ = {
			isa = PBXGroup;
			children = (
				6F05A6DB20EFB44F00C98EA2 /* Claim.swift */,
			);
			path = Model;
			sourceTree = "<group>";
		};
		73224113918092E72B7C003D /* Pods */ = {
			isa = PBXGroup;
			children = (
				E98A4EB3F112417D7D8015E8 /* Pods-GeicoCCC.debug.xcconfig */,
				99DBE8C7009A5ACB7D62F276 /* Pods-GeicoCCC.release.xcconfig */,
			);
			name = Pods;
			sourceTree = "<group>";
		};
		D102ADDD20E4BB3700E63F2C = {
			isa = PBXGroup;
			children = (
				D102ADE820E4BB3700E63F2C /* GeicoCCC */,
				D102ADE720E4BB3700E63F2C /* Products */,
				6D1221B4D42799609F5AB4A1 /* Frameworks */,
				73224113918092E72B7C003D /* Pods */,
			);
			sourceTree = "<group>";
		};
		D102ADE720E4BB3700E63F2C /* Products */ = {
			isa = PBXGroup;
			children = (
				D102ADE620E4BB3700E63F2C /* GeicoCCC.app */,
			);
			name = Products;
			sourceTree = "<group>";
		};
		D102ADE820E4BB3700E63F2C /* GeicoCCC */ = {
			isa = PBXGroup;
			children = (
				D1C88DA920F5F95E00FB61C6 /* ViewModel */,
				6F05A6DA20EFB42500C98EA2 /* Model */,
				D102ADE920E4BB3700E63F2C /* AppDelegate.swift */,
				D1EDDF3D20F49F83009E7A7E /* Controller */,
				D1EDDF3C20F49F7B009E7A7E /* View */,
				D102ADED20E4BB3700E63F2C /* Main.storyboard */,
				D102ADF220E4BB3900E63F2C /* LaunchScreen.storyboard */,
				D102ADF020E4BB3900E63F2C /* Assets.xcassets */,
				D102ADF520E4BB3900E63F2C /* Info.plist */,
				D17DE64A2111EB1C00A432F5 /* GoogleService-Info.plist */,
			);
			path = GeicoCCC;
			sourceTree = "<group>";
		};
		D1C88DA920F5F95E00FB61C6 /* ViewModel */ = {
			isa = PBXGroup;
			children = (
				D1C88DAA20F5F97500FB61C6 /* PhotosCellViewModel.swift */,
			);
			path = ViewModel;
			sourceTree = "<group>";
		};
		D1EDDF3920F49C80009E7A7E /* Cell */ = {
			isa = PBXGroup;
			children = (
				D1EDDF3B20F49F6D009E7A7E /* CollectionView */,
				D1EDDF3A20F49F64009E7A7E /* TableView */,
			);
			path = Cell;
			sourceTree = "<group>";
		};
		D1EDDF3A20F49F64009E7A7E /* TableView */ = {
			isa = PBXGroup;
			children = (
				D1EDDF3E20F4A041009E7A7E /* PhotosTableViewCell.swift */,
				D1EDDF3F20F4A041009E7A7E /* PhotosTableViewCell.xib */,
				6F92355620F8CAB1001A852E /* ClaimDescriptionTableViewCell.swift */,
				6F92355720F8CAB1001A852E /* ClaimDescriptionTableViewCell.xib */,
			);
			path = TableView;
			sourceTree = "<group>";
		};
		D1EDDF3B20F49F6D009E7A7E /* CollectionView */ = {
			isa = PBXGroup;
			children = (
				D1EDDF4220F4A0D7009E7A7E /* PhotoCollectionViewCell.swift */,
				D1EDDF4320F4A0D7009E7A7E /* PhotoCollectionViewCell.xib */,
			);
			path = CollectionView;
			sourceTree = "<group>";
		};
		D1EDDF3C20F49F7B009E7A7E /* View */ = {
			isa = PBXGroup;
			children = (
				D1EDDF3920F49C80009E7A7E /* Cell */,
			);
			path = View;
			sourceTree = "<group>";
		};
		D1EDDF3D20F49F83009E7A7E /* Controller */ = {
			isa = PBXGroup;
			children = (
				D1EDDF4620F5E368009E7A7E /* ClaimsViewController.swift */,
				D1EDDF3720F3979C009E7A7E /* ReviewViewController.swift */,
				6F81477E20E51F3B007EF23D /* SetupViewController.swift */,
				D17287E520EF677D007E020D /* BaseViewController.swift */,
				D130D41C20FDD9E800A248B7 /* ConfirmationViewController.swift */,
			);
			path = Controller;
			sourceTree = "<group>";
		};
/* End PBXGroup section */

/* Begin PBXNativeTarget section */
		D102ADE520E4BB3700E63F2C /* GeicoCCC */ = {
			isa = PBXNativeTarget;
			buildConfigurationList = D102ADF820E4BB3900E63F2C /* Build configuration list for PBXNativeTarget "GeicoCCC" */;
			buildPhases = (
				BF7DB5740716F79C4854F5E4 /* [CP] Check Pods Manifest.lock */,
				D102ADE220E4BB3700E63F2C /* Sources */,
				D102ADE320E4BB3700E63F2C /* Frameworks */,
				D102ADE420E4BB3700E63F2C /* Resources */,
				D163433B20F8C79600E9BF5A /* Embed Frameworks */,
				8935CE6E670E3E09823450FC /* [CP] Embed Pods Frameworks */,
				64D67F6FA750EDD905F1994B /* [CP] Copy Pods Resources */,
			);
			buildRules = (
			);
			dependencies = (
			);
			name = GeicoCCC;
			productName = GeicoCCC;
			productReference = D102ADE620E4BB3700E63F2C /* GeicoCCC.app */;
			productType = "com.apple.product-type.application";
		};
/* End PBXNativeTarget section */

/* Begin PBXProject section */
		D102ADDE20E4BB3700E63F2C /* Project object */ = {
			isa = PBXProject;
			attributes = {
				LastSwiftUpdateCheck = 0930;
				LastUpgradeCheck = 0930;
				ORGANIZATIONNAME = Geico;
				TargetAttributes = {
					D102ADE520E4BB3700E63F2C = {
						CreatedOnToolsVersion = 9.3;
					};
				};
			};
			buildConfigurationList = D102ADE120E4BB3700E63F2C /* Build configuration list for PBXProject "GeicoCCC" */;
			compatibilityVersion = "Xcode 9.3";
			developmentRegion = en;
			hasScannedForEncodings = 0;
			knownRegions = (
				en,
				Base,
			);
			mainGroup = D102ADDD20E4BB3700E63F2C;
			productRefGroup = D102ADE720E4BB3700E63F2C /* Products */;
			projectDirPath = "";
			projectRoot = "";
			targets = (
				D102ADE520E4BB3700E63F2C /* GeicoCCC */,
			);
		};
/* End PBXProject section */

/* Begin PBXResourcesBuildPhase section */
		D102ADE420E4BB3700E63F2C /* Resources */ = {
			isa = PBXResourcesBuildPhase;
			buildActionMask = 2147483647;
			files = (
				D1EDDF4120F4A041009E7A7E /* PhotosTableViewCell.xib in Resources */,
				D1EDDF4520F4A0D7009E7A7E /* PhotoCollectionViewCell.xib in Resources */,
				D102ADF420E4BB3900E63F2C /* LaunchScreen.storyboard in Resources */,
				6F92355920F8CAB1001A852E /* ClaimDescriptionTableViewCell.xib in Resources */,
				D102ADF120E4BB3900E63F2C /* Assets.xcassets in Resources */,
				D102ADEF20E4BB3700E63F2C /* Main.storyboard in Resources */,
				D17DE64B2111EB1C00A432F5 /* GoogleService-Info.plist in Resources */,
			);
			runOnlyForDeploymentPostprocessing = 0;
		};
/* End PBXResourcesBuildPhase section */

/* Begin PBXShellScriptBuildPhase section */
		64D67F6FA750EDD905F1994B /* [CP] Copy Pods Resources */ = {
			isa = PBXShellScriptBuildPhase;
			buildActionMask = 2147483647;
			files = (
			);
			inputPaths = (
				"${SRCROOT}/Pods/Target Support Files/Pods-GeicoCCC/Pods-GeicoCCC-resources.sh",
				"${PODS_CONFIGURATION_BUILD_DIR}/GoogleMobileVision/GoogleMVTextDetectorResources.bundle",
			);
			name = "[CP] Copy Pods Resources";
			outputPaths = (
				"${TARGET_BUILD_DIR}/${UNLOCALIZED_RESOURCES_FOLDER_PATH}/GoogleMVTextDetectorResources.bundle",
			);
			runOnlyForDeploymentPostprocessing = 0;
			shellPath = /bin/sh;
			shellScript = "\"${SRCROOT}/Pods/Target Support Files/Pods-GeicoCCC/Pods-GeicoCCC-resources.sh\"\n";
			showEnvVarsInLog = 0;
		};
		8935CE6E670E3E09823450FC /* [CP] Embed Pods Frameworks */ = {
			isa = PBXShellScriptBuildPhase;
			buildActionMask = 2147483647;
			files = (
			);
			inputPaths = (
				"${SRCROOT}/Pods/Target Support Files/Pods-GeicoCCC/Pods-GeicoCCC-frameworks.sh",
				"${BUILT_PRODUCTS_DIR}/GTMSessionFetcher/GTMSessionFetcher.framework",
				"${BUILT_PRODUCTS_DIR}/GoogleAPIClientForREST/GoogleAPIClientForREST.framework",
				"${BUILT_PRODUCTS_DIR}/GoogleToolboxForMac/GoogleToolboxForMac.framework",
				"${BUILT_PRODUCTS_DIR}/Protobuf/Protobuf.framework",
				"${BUILT_PRODUCTS_DIR}/nanopb/nanopb.framework",
			);
			name = "[CP] Embed Pods Frameworks";
			outputPaths = (
				"${TARGET_BUILD_DIR}/${FRAMEWORKS_FOLDER_PATH}/GTMSessionFetcher.framework",
				"${TARGET_BUILD_DIR}/${FRAMEWORKS_FOLDER_PATH}/GoogleAPIClientForREST.framework",
				"${TARGET_BUILD_DIR}/${FRAMEWORKS_FOLDER_PATH}/GoogleToolboxForMac.framework",
				"${TARGET_BUILD_DIR}/${FRAMEWORKS_FOLDER_PATH}/Protobuf.framework",
				"${TARGET_BUILD_DIR}/${FRAMEWORKS_FOLDER_PATH}/nanopb.framework",
			);
			runOnlyForDeploymentPostprocessing = 0;
			shellPath = /bin/sh;
			shellScript = "\"${SRCROOT}/Pods/Target Support Files/Pods-GeicoCCC/Pods-GeicoCCC-frameworks.sh\"\n";
			showEnvVarsInLog = 0;
		};
		BF7DB5740716F79C4854F5E4 /* [CP] Check Pods Manifest.lock */ = {
			isa = PBXShellScriptBuildPhase;
			buildActionMask = 2147483647;
			files = (
			);
			inputPaths = (
				"${PODS_PODFILE_DIR_PATH}/Podfile.lock",
				"${PODS_ROOT}/Manifest.lock",
			);
			name = "[CP] Check Pods Manifest.lock";
			outputPaths = (
				"$(DERIVED_FILE_DIR)/Pods-GeicoCCC-checkManifestLockResult.txt",
			);
			runOnlyForDeploymentPostprocessing = 0;
			shellPath = /bin/sh;
			shellScript = "diff \"${PODS_PODFILE_DIR_PATH}/Podfile.lock\" \"${PODS_ROOT}/Manifest.lock\" > /dev/null\nif [ $? != 0 ] ; then\n    # print error to STDERR\n    echo \"error: The sandbox is not in sync with the Podfile.lock. Run 'pod install' or update your CocoaPods installation.\" >&2\n    exit 1\nfi\n# This output is used by Xcode 'outputs' to avoid re-running this script phase.\necho \"SUCCESS\" > \"${SCRIPT_OUTPUT_FILE_0}\"\n";
			showEnvVarsInLog = 0;
		};
/* End PBXShellScriptBuildPhase section */

/* Begin PBXSourcesBuildPhase section */
		D102ADE220E4BB3700E63F2C /* Sources */ = {
			isa = PBXSourcesBuildPhase;
			buildActionMask = 2147483647;
			files = (
				D1EDDF4020F4A041009E7A7E /* PhotosTableViewCell.swift in Sources */,
				D17287E620EF677D007E020D /* BaseViewController.swift in Sources */,
				D1EDDF3820F3979C009E7A7E /* ReviewViewController.swift in Sources */,
				6F92355820F8CAB1001A852E /* ClaimDescriptionTableViewCell.swift in Sources */,
				D1EDDF4420F4A0D7009E7A7E /* PhotoCollectionViewCell.swift in Sources */,
				D130D41D20FDD9E800A248B7 /* ConfirmationViewController.swift in Sources */,
				D102ADEA20E4BB3700E63F2C /* AppDelegate.swift in Sources */,
				D1EDDF4720F5E368009E7A7E /* ClaimsViewController.swift in Sources */,
				6F05A6DC20EFB44F00C98EA2 /* Claim.swift in Sources */,
				D1C88DAB20F5F97500FB61C6 /* PhotosCellViewModel.swift in Sources */,
				6F81477F20E51F3B007EF23D /* SetupViewController.swift in Sources */,
			);
			runOnlyForDeploymentPostprocessing = 0;
		};
/* End PBXSourcesBuildPhase section */

/* Begin PBXVariantGroup section */
		D102ADED20E4BB3700E63F2C /* Main.storyboard */ = {
			isa = PBXVariantGroup;
			children = (
				D102ADEE20E4BB3700E63F2C /* Base */,
			);
			name = Main.storyboard;
			sourceTree = "<group>";
		};
		D102ADF220E4BB3900E63F2C /* LaunchScreen.storyboard */ = {
			isa = PBXVariantGroup;
			children = (
				D102ADF320E4BB3900E63F2C /* Base */,
			);
			name = LaunchScreen.storyboard;
			sourceTree = "<group>";
		};
/* End PBXVariantGroup section */

/* Begin XCBuildConfiguration section */
		D102ADF620E4BB3900E63F2C /* Debug */ = {
			isa = XCBuildConfiguration;
			buildSettings = {
				ALWAYS_SEARCH_USER_PATHS = NO;
				CLANG_ANALYZER_NONNULL = YES;
				CLANG_ANALYZER_NUMBER_OBJECT_CONVERSION = YES_AGGRESSIVE;
				CLANG_CXX_LANGUAGE_STANDARD = "gnu++14";
				CLANG_CXX_LIBRARY = "libc++";
				CLANG_ENABLE_MODULES = YES;
				CLANG_ENABLE_OBJC_ARC = YES;
				CLANG_ENABLE_OBJC_WEAK = YES;
				CLANG_WARN_BLOCK_CAPTURE_AUTORELEASING = YES;
				CLANG_WARN_BOOL_CONVERSION = YES;
				CLANG_WARN_COMMA = YES;
				CLANG_WARN_CONSTANT_CONVERSION = YES;
				CLANG_WARN_DEPRECATED_OBJC_IMPLEMENTATIONS = YES;
				CLANG_WARN_DIRECT_OBJC_ISA_USAGE = YES_ERROR;
				CLANG_WARN_DOCUMENTATION_COMMENTS = YES;
				CLANG_WARN_EMPTY_BODY = YES;
				CLANG_WARN_ENUM_CONVERSION = YES;
				CLANG_WARN_INFINITE_RECURSION = YES;
				CLANG_WARN_INT_CONVERSION = YES;
				CLANG_WARN_NON_LITERAL_NULL_CONVERSION = YES;
				CLANG_WARN_OBJC_IMPLICIT_RETAIN_SELF = YES;
				CLANG_WARN_OBJC_LITERAL_CONVERSION = YES;
				CLANG_WARN_OBJC_ROOT_CLASS = YES_ERROR;
				CLANG_WARN_RANGE_LOOP_ANALYSIS = YES;
				CLANG_WARN_STRICT_PROTOTYPES = YES;
				CLANG_WARN_SUSPICIOUS_MOVE = YES;
				CLANG_WARN_UNGUARDED_AVAILABILITY = YES_AGGRESSIVE;
				CLANG_WARN_UNREACHABLE_CODE = YES;
				CLANG_WARN__DUPLICATE_METHOD_MATCH = YES;
				CODE_SIGN_IDENTITY = "iPhone Developer";
				COPY_PHASE_STRIP = NO;
				DEBUG_INFORMATION_FORMAT = dwarf;
				ENABLE_STRICT_OBJC_MSGSEND = YES;
				ENABLE_TESTABILITY = YES;
				GCC_C_LANGUAGE_STANDARD = gnu11;
				GCC_DYNAMIC_NO_PIC = NO;
				GCC_NO_COMMON_BLOCKS = YES;
				GCC_OPTIMIZATION_LEVEL = 0;
				GCC_PREPROCESSOR_DEFINITIONS = (
					"DEBUG=1",
					"$(inherited)",
				);
				GCC_WARN_64_TO_32_BIT_CONVERSION = YES;
				GCC_WARN_ABOUT_RETURN_TYPE = YES_ERROR;
				GCC_WARN_UNDECLARED_SELECTOR = YES;
				GCC_WARN_UNINITIALIZED_AUTOS = YES_AGGRESSIVE;
				GCC_WARN_UNUSED_FUNCTION = YES;
				GCC_WARN_UNUSED_VARIABLE = YES;
				IPHONEOS_DEPLOYMENT_TARGET = 11.3;
				MTL_ENABLE_DEBUG_INFO = YES;
				ONLY_ACTIVE_ARCH = YES;
				SDKROOT = iphoneos;
				SWIFT_ACTIVE_COMPILATION_CONDITIONS = DEBUG;
				SWIFT_OPTIMIZATION_LEVEL = "-Onone";
			};
			name = Debug;
		};
		D102ADF720E4BB3900E63F2C /* Release */ = {
			isa = XCBuildConfiguration;
			buildSettings = {
				ALWAYS_SEARCH_USER_PATHS = NO;
				CLANG_ANALYZER_NONNULL = YES;
				CLANG_ANALYZER_NUMBER_OBJECT_CONVERSION = YES_AGGRESSIVE;
				CLANG_CXX_LANGUAGE_STANDARD = "gnu++14";
				CLANG_CXX_LIBRARY = "libc++";
				CLANG_ENABLE_MODULES = YES;
				CLANG_ENABLE_OBJC_ARC = YES;
				CLANG_ENABLE_OBJC_WEAK = YES;
				CLANG_WARN_BLOCK_CAPTURE_AUTORELEASING = YES;
				CLANG_WARN_BOOL_CONVERSION = YES;
				CLANG_WARN_COMMA = YES;
				CLANG_WARN_CONSTANT_CONVERSION = YES;
				CLANG_WARN_DEPRECATED_OBJC_IMPLEMENTATIONS = YES;
				CLANG_WARN_DIRECT_OBJC_ISA_USAGE = YES_ERROR;
				CLANG_WARN_DOCUMENTATION_COMMENTS = YES;
				CLANG_WARN_EMPTY_BODY = YES;
				CLANG_WARN_ENUM_CONVERSION = YES;
				CLANG_WARN_INFINITE_RECURSION = YES;
				CLANG_WARN_INT_CONVERSION = YES;
				CLANG_WARN_NON_LITERAL_NULL_CONVERSION = YES;
				CLANG_WARN_OBJC_IMPLICIT_RETAIN_SELF = YES;
				CLANG_WARN_OBJC_LITERAL_CONVERSION = YES;
				CLANG_WARN_OBJC_ROOT_CLASS = YES_ERROR;
				CLANG_WARN_RANGE_LOOP_ANALYSIS = YES;
				CLANG_WARN_STRICT_PROTOTYPES = YES;
				CLANG_WARN_SUSPICIOUS_MOVE = YES;
				CLANG_WARN_UNGUARDED_AVAILABILITY = YES_AGGRESSIVE;
				CLANG_WARN_UNREACHABLE_CODE = YES;
				CLANG_WARN__DUPLICATE_METHOD_MATCH = YES;
				CODE_SIGN_IDENTITY = "iPhone Developer";
				COPY_PHASE_STRIP = NO;
				DEBUG_INFORMATION_FORMAT = "dwarf-with-dsym";
				ENABLE_NS_ASSERTIONS = NO;
				ENABLE_STRICT_OBJC_MSGSEND = YES;
				GCC_C_LANGUAGE_STANDARD = gnu11;
				GCC_NO_COMMON_BLOCKS = YES;
				GCC_WARN_64_TO_32_BIT_CONVERSION = YES;
				GCC_WARN_ABOUT_RETURN_TYPE = YES_ERROR;
				GCC_WARN_UNDECLARED_SELECTOR = YES;
				GCC_WARN_UNINITIALIZED_AUTOS = YES_AGGRESSIVE;
				GCC_WARN_UNUSED_FUNCTION = YES;
				GCC_WARN_UNUSED_VARIABLE = YES;
				IPHONEOS_DEPLOYMENT_TARGET = 11.3;
				MTL_ENABLE_DEBUG_INFO = NO;
				SDKROOT = iphoneos;
				SWIFT_COMPILATION_MODE = wholemodule;
				SWIFT_OPTIMIZATION_LEVEL = "-O";
				VALIDATE_PRODUCT = YES;
			};
			name = Release;
		};
		D102ADF920E4BB3900E63F2C /* Debug */ = {
			isa = XCBuildConfiguration;
			baseConfigurationReference = E98A4EB3F112417D7D8015E8 /* Pods-GeicoCCC.debug.xcconfig */;
			buildSettings = {
				ASSETCATALOG_COMPILER_APPICON_NAME = AppIcon;
				CODE_SIGN_STYLE = Automatic;
				DEVELOPMENT_TEAM = W5LD47DYNR;
				ENABLE_BITCODE = NO;
				FRAMEWORK_SEARCH_PATHS = (
					"$(PROJECT_DIR)",
					"$(inherited)",
				);
				INFOPLIST_FILE = GeicoCCC/Info.plist;
				IPHONEOS_DEPLOYMENT_TARGET = 11.0;
				LD_RUNPATH_SEARCH_PATHS = (
					"$(inherited)",
					"@executable_path/Frameworks",
				);
				OTHER_LDFLAGS = (
					"$(OTHER_LDFLAGS)",
					"-ObjC",
				);
				PRODUCT_BUNDLE_IDENTIFIER = com.test.prototype123;
				PRODUCT_NAME = "$(TARGET_NAME)";
				SWIFT_VERSION = 4.0;
				TARGETED_DEVICE_FAMILY = "1,2";
			};
			name = Debug;
		};
		D102ADFA20E4BB3900E63F2C /* Release */ = {
			isa = XCBuildConfiguration;
			baseConfigurationReference = 99DBE8C7009A5ACB7D62F276 /* Pods-GeicoCCC.release.xcconfig */;
			buildSettings = {
				ASSETCATALOG_COMPILER_APPICON_NAME = AppIcon;
				CODE_SIGN_STYLE = Automatic;
				DEVELOPMENT_TEAM = W5LD47DYNR;
				ENABLE_BITCODE = NO;
				FRAMEWORK_SEARCH_PATHS = (
					"$(PROJECT_DIR)",
					"$(inherited)",
				);
				INFOPLIST_FILE = GeicoCCC/Info.plist;
				IPHONEOS_DEPLOYMENT_TARGET = 11.0;
				LD_RUNPATH_SEARCH_PATHS = (
					"$(inherited)",
					"@executable_path/Frameworks",
				);
				OTHER_LDFLAGS = (
					"$(OTHER_LDFLAGS)",
					"-ObjC",
				);
				PRODUCT_BUNDLE_IDENTIFIER = com.test.prototype123;
				PRODUCT_NAME = "$(TARGET_NAME)";
				SWIFT_VERSION = 4.0;
				TARGETED_DEVICE_FAMILY = "1,2";
			};
			name = Release;
		};
/* End XCBuildConfiguration section */

/* Begin XCConfigurationList section */
		D102ADE120E4BB3700E63F2C /* Build configuration list for PBXProject "GeicoCCC" */ = {
			isa = XCConfigurationList;
			buildConfigurations = (
				D102ADF620E4BB3900E63F2C /* Debug */,
				D102ADF720E4BB3900E63F2C /* Release */,
			);
			defaultConfigurationIsVisible = 0;
			defaultConfigurationName = Release;
		};
		D102ADF820E4BB3900E63F2C /* Build configuration list for PBXNativeTarget "GeicoCCC" */ = {
			isa = XCConfigurationList;
			buildConfigurations = (
				D102ADF920E4BB3900E63F2C /* Debug */,
				D102ADFA20E4BB3900E63F2C /* Release */,
			);
			defaultConfigurationIsVisible = 0;
			defaultConfigurationName = Release;
		};
/* End XCConfigurationList section */
	};
	rootObject = D102ADDE20E4BB3700E63F2C /* Project object */;
}
